<?xml version="1.0" encoding="utf-8"?>
<Project ToolsVersion="17.0" xmlns="http://schemas.microsoft.com/developer/msbuild/2003">
  <ItemGroup>
    <CustomBuild Include="V:\programming\GameStudios\_Game_Framework\Framework\CMakeFiles\f0fcbe876175937276ec5dd7d4de3f72\update_mappings.rule">
      <Filter>CMake Rules</Filter>
    </CustomBuild>
    <CustomBuild Include="V:\programming\GameStudios\_Game_Framework\Framework\vendor\glfw\src\CMakeLists.txt" />
  </ItemGroup>
  <ItemGroup>
    <None Include="V:\programming\GameStudios\_Game_Framework\Framework\vendor\glfw\src\mappings.h.in">
      <Filter>Header Files</Filter>
    </None>
    <None Include="V:\programming\GameStudios\_Game_Framework\Framework\vendor\glfw\CMake\GenerateMappings.cmake" />
    <None Include="V:\programming\GameStudios\_Game_Framework\Framework\vendor\glfw\src\CMakeFiles\update_mappings" />
  </ItemGroup>
  <ItemGroup>
    <Filter Include="CMake Rules">
      <UniqueIdentifier>{87C76EEE-B607-3BE1-B691-61C15A0A2441}</UniqueIdentifier>
    </Filter>
    <Filter Include="Header Files">
      <UniqueIdentifier>{95E4777D-AB0B-341B-9EED-E1688DE64B0F}</UniqueIdentifier>
    </Filter>
  </ItemGroup>
</Project>
